
Microsoft Visual Studio Solution File, Format Version 12.00
# Visual Studio Version 17
VisualStudioVersion = 17.4.33213.308
MinimumVisualStudioVersion = 10.0.40219.1
Project("{FAE04EC0-301F-11D3-BF4B-00C04F79EFBC}") = "SpringCoApplication", "SpringCoApplication.csproj", "{5B1CB0FC-4380-4F1F-935A-5BA0F4FACA48}"
EndProject
Global
	GlobalSection(SolutionConfigurationPlatforms) = preSolution
		Debug|Any CPU = Debug|Any CPU
		Release|Any CPU = Release|Any CPU
	EndGlobalSection
	GlobalSection(ProjectConfigurationPlatforms) = postSolution
		{5B1CB0FC-4380-4F1F-935A-5BA0F4FACA48}.Debug|Any CPU.ActiveCfg = Debug|Any CPU
		{5B1CB0FC-4380-4F1F-935A-5BA0F4FACA48}.Debug|Any CPU.Build.0 = Debug|Any CPU
		{5B1CB0FC-4380-4F1F-935A-5BA0F4FACA48}.Release|Any CPU.ActiveCfg = Release|Any CPU
		{5B1CB0FC-4380-4F1F-935A-5BA0F4FACA48}.Release|Any CPU.Build.0 = Release|Any CPU
	EndGlobalSection
	GlobalSection(SolutionProperties) = preSolution
		HideSolutionNode = FALSE
	EndGlobalSection
	GlobalSection(ExtensibilityGlobals) = postSolution
		SolutionGuid = {6A29B40B-FAEF-4D38-A0FB-A891E078F38D}
	EndGlobalSection
EndGlobal
